{
  "name": "openui5-qrcode",
  "version": "1.0.2",
  "lockfileVersion": 1,
  "requires": true,
  "dependencies": {
    "@openui5/sap.m": {
      "version": "1.58.0",
      "resolved": "https://registry.npmjs.org/@openui5/sap.m/-/sap.m-1.58.0.tgz",
      "integrity": "sha512-aSlnqSPm6b4IjHxFASptcSJC1NR/DC1CEvaIaaffi7m6+t7s2woKu1pc1ZDVO2Snth9BruafQZxam2/aioE7vA==",
      "requires": {
        "@openui5/sap.ui.core": "1.58.0",
        "@openui5/sap.ui.unified": "1.58.0"
      }
    },
    "@openui5/sap.ui.core": {
      "version": "1.58.0",
      "resolved": "https://registry.npmjs.org/@openui5/sap.ui.core/-/sap.ui.core-1.58.0.tgz",
      "integrity": "sha512-GnbWjxeCJeJF5y+PI2y1ZXkOVO+yMAmj+U7RU+olobJTV31i6jsP2PpMXg+q/iBN1sQWXZLPsPDsIp3amPv1Xg=="
    },
    "@openui5/sap.ui.layout": {
      "version": "1.58.0",
      "resolved": "https://registry.npmjs.org/@openui5/sap.ui.layout/-/sap.ui.layout-1.58.0.tgz",
      "integrity": "sha512-uYepiDfDNAbyZhTsdzlfB0wJbeJur7gRKVA9BxHjlDVf8M3ft/nYypSZlpVcHlPvltnwdEMrZLLCNKYiq0JElA==",
      "requires": {
        "@openui5/sap.ui.core": "1.58.0"
      }
    },
    "@openui5/sap.ui.unified": {
      "version": "1.58.0",
      "resolved": "https://registry.npmjs.org/@openui5/sap.ui.unified/-/sap.ui.unified-1.58.0.tgz",
      "integrity": "sha512-LeNX1o8z/W+8KSGZNuH684kKE9RceyiVoEQSruH+dmFgIr1uL4OqvpH7PBj1NzpjaDc0jaWXprEyOpEj7uSBlg==",
      "requires": {
        "@openui5/sap.ui.core": "1.58.0"
      }
    },
    "@openui5/themelib_sap_belize": {
      "version": "1.58.0",
      "resolved": "https://registry.npmjs.org/@openui5/themelib_sap_belize/-/themelib_sap_belize-1.58.0.tgz",
      "integrity": "sha512-P5MVI2Yk38Bx2GCcqJOX1GpN9DcAJEfb1IVGMxqDgjhjQsqpgW2xBA9q33UJAVsbMrynSlrkzwRvc35vvn09Ag=="
    }
  }
}
